
Microsoft Visual Studio Solution File, Format Version 12.00
# Visual Studio Version 17
VisualStudioVersion = 17.2.32526.322
MinimumVisualStudioVersion = 10.0.40219.1
Project("{9A19103F-16F7-4668-BE54-9A1E7A4F7556}") = "RKVCRYPT.Core", "RKVCRYPT.Core\RKVCRYPT.Core.csproj", "{7F907A95-0495-4922-947F-B54C64BBBEFD}"
EndProject
Project("{9A19103F-16F7-4668-BE54-9A1E7A4F7556}") = "RKVCRYPT.Core.Interface", "RKVCRYPT.Core.Display\RKVCRYPT.Core.Interface.csproj", "{630858FE-7C19-4F4D-92D3-A4CF79C64B4F}"
EndProject
Project("{9A19103F-16F7-4668-BE54-9A1E7A4F7556}") = "RKVCRYPT.Core.GestionFichier", "RKVCRYPT.Core.Fichier\RKVCRYPT.Core.GestionFichier.csproj", "{59AAB0A5-2B65-4D38-9BD3-6B596A9C8B03}"
EndProject
Global
	GlobalSection(SolutionConfigurationPlatforms) = preSolution
		Debug|Any CPU = Debug|Any CPU
		Release|Any CPU = Release|Any CPU
	EndGlobalSection
	GlobalSection(ProjectConfigurationPlatforms) = postSolution
		{7F907A95-0495-4922-947F-B54C64BBBEFD}.Debug|Any CPU.ActiveCfg = Debug|Any CPU
		{7F907A95-0495-4922-947F-B54C64BBBEFD}.Debug|Any CPU.Build.0 = Debug|Any CPU
		{7F907A95-0495-4922-947F-B54C64BBBEFD}.Release|Any CPU.ActiveCfg = Release|Any CPU
		{7F907A95-0495-4922-947F-B54C64BBBEFD}.Release|Any CPU.Build.0 = Release|Any CPU
		{630858FE-7C19-4F4D-92D3-A4CF79C64B4F}.Debug|Any CPU.ActiveCfg = Debug|Any CPU
		{630858FE-7C19-4F4D-92D3-A4CF79C64B4F}.Debug|Any CPU.Build.0 = Debug|Any CPU
		{630858FE-7C19-4F4D-92D3-A4CF79C64B4F}.Release|Any CPU.ActiveCfg = Release|Any CPU
		{630858FE-7C19-4F4D-92D3-A4CF79C64B4F}.Release|Any CPU.Build.0 = Release|Any CPU
		{59AAB0A5-2B65-4D38-9BD3-6B596A9C8B03}.Debug|Any CPU.ActiveCfg = Debug|Any CPU
		{59AAB0A5-2B65-4D38-9BD3-6B596A9C8B03}.Debug|Any CPU.Build.0 = Debug|Any CPU
		{59AAB0A5-2B65-4D38-9BD3-6B596A9C8B03}.Release|Any CPU.ActiveCfg = Release|Any CPU
		{59AAB0A5-2B65-4D38-9BD3-6B596A9C8B03}.Release|Any CPU.Build.0 = Release|Any CPU
	EndGlobalSection
	GlobalSection(SolutionProperties) = preSolution
		HideSolutionNode = FALSE
	EndGlobalSection
	GlobalSection(ExtensibilityGlobals) = postSolution
		SolutionGuid = {2FB1DEEF-EE82-48F3-AF81-C1799835978E}
	EndGlobalSection
EndGlobal
