
Microsoft Visual Studio Solution File, Format Version 12.00
# Visual Studio Version 17
VisualStudioVersion = 17.1.32414.318
MinimumVisualStudioVersion = 10.0.40219.1
Project("{FAE04EC0-301F-11D3-BF4B-00C04F79EFBC}") = "RKVCRYPT 2.0", "RKVCRYPT 2.0.csproj", "{166C35EB-D53F-40C0-8E18-463D3A2CA704}"
EndProject
Project("{2150E333-8FDC-42A3-9474-1A3956D46DE8}") = "Module", "Module", "{2E0E33DE-1D11-41A7-B2E5-E5E69535CBC5}"
EndProject
Project("{2150E333-8FDC-42A3-9474-1A3956D46DE8}") = "Core", "Core", "{526CA00D-0B50-4844-AE18-6AA53CA2DF18}"
EndProject
Project("{FAE04EC0-301F-11D3-BF4B-00C04F79EFBC}") = "Interface", "..\Interface\Interface.csproj", "{08B58215-2C03-49AE-9DFE-DC4E1DE12667}"
EndProject
Global
	GlobalSection(SolutionConfigurationPlatforms) = preSolution
		Debug|Any CPU = Debug|Any CPU
		Release|Any CPU = Release|Any CPU
	EndGlobalSection
	GlobalSection(ProjectConfigurationPlatforms) = postSolution
		{166C35EB-D53F-40C0-8E18-463D3A2CA704}.Debug|Any CPU.ActiveCfg = Debug|Any CPU
		{166C35EB-D53F-40C0-8E18-463D3A2CA704}.Debug|Any CPU.Build.0 = Debug|Any CPU
		{166C35EB-D53F-40C0-8E18-463D3A2CA704}.Release|Any CPU.ActiveCfg = Release|Any CPU
		{166C35EB-D53F-40C0-8E18-463D3A2CA704}.Release|Any CPU.Build.0 = Release|Any CPU
		{08B58215-2C03-49AE-9DFE-DC4E1DE12667}.Debug|Any CPU.ActiveCfg = Debug|Any CPU
		{08B58215-2C03-49AE-9DFE-DC4E1DE12667}.Debug|Any CPU.Build.0 = Debug|Any CPU
		{08B58215-2C03-49AE-9DFE-DC4E1DE12667}.Release|Any CPU.ActiveCfg = Release|Any CPU
		{08B58215-2C03-49AE-9DFE-DC4E1DE12667}.Release|Any CPU.Build.0 = Release|Any CPU
	EndGlobalSection
	GlobalSection(SolutionProperties) = preSolution
		HideSolutionNode = FALSE
	EndGlobalSection
	GlobalSection(NestedProjects) = preSolution
		{166C35EB-D53F-40C0-8E18-463D3A2CA704} = {526CA00D-0B50-4844-AE18-6AA53CA2DF18}
		{08B58215-2C03-49AE-9DFE-DC4E1DE12667} = {526CA00D-0B50-4844-AE18-6AA53CA2DF18}
	EndGlobalSection
	GlobalSection(ExtensibilityGlobals) = postSolution
		SolutionGuid = {5AF46EAD-A19F-4A45-81F7-A6FAB8F4D66C}
	EndGlobalSection
EndGlobal
